
Microsoft Visual Studio Solution File, Format Version 12.00
# Visual Studio Version 16
VisualStudioVersion = 16.0.28803.156
MinimumVisualStudioVersion = 10.0.40219.1
Project("{FAE04EC0-301F-11D3-BF4B-00C04F79EFBC}") = "IconConverter", "IconConverter\IconConverter.csproj", "{6915E736-AB07-482E-B7A5-D9B96700ED7E}"
EndProject
Global
	GlobalSection(SolutionConfigurationPlatforms) = preSolution
		Debug|Any CPU = Debug|Any CPU
		Debug|x64 = Debug|x64
		Release|Any CPU = Release|Any CPU
		Release|x64 = Release|x64
	EndGlobalSection
	GlobalSection(ProjectConfigurationPlatforms) = postSolution
		{6915E736-AB07-482E-B7A5-D9B96700ED7E}.Debug|Any CPU.ActiveCfg = Debug|Any CPU
		{6915E736-AB07-482E-B7A5-D9B96700ED7E}.Debug|Any CPU.Build.0 = Debug|Any CPU
		{6915E736-AB07-482E-B7A5-D9B96700ED7E}.Debug|x64.ActiveCfg = Debug|x64
		{6915E736-AB07-482E-B7A5-D9B96700ED7E}.Debug|x64.Build.0 = Debug|x64
		{6915E736-AB07-482E-B7A5-D9B96700ED7E}.Release|Any CPU.ActiveCfg = Release|Any CPU
		{6915E736-AB07-482E-B7A5-D9B96700ED7E}.Release|Any CPU.Build.0 = Release|Any CPU
		{6915E736-AB07-482E-B7A5-D9B96700ED7E}.Release|x64.ActiveCfg = Release|x64
		{6915E736-AB07-482E-B7A5-D9B96700ED7E}.Release|x64.Build.0 = Release|x64
	EndGlobalSection
	GlobalSection(SolutionProperties) = preSolution
		HideSolutionNode = FALSE
	EndGlobalSection
	GlobalSection(ExtensibilityGlobals) = postSolution
		SolutionGuid = {C93213CC-CA09-49ED-B92C-E8EBE5F57F0E}
	EndGlobalSection
EndGlobal
