
Microsoft Visual Studio Solution File, Format Version 12.00
# Visual Studio Version 16
VisualStudioVersion = 16.0.28803.156
MinimumVisualStudioVersion = 10.0.40219.1
Project("{FAE04EC0-301F-11D3-BF4B-00C04F79EFBC}") = "wav2br2", "wav2br2\wav2br2.csproj", "{49933CD8-7EBC-4097-A92C-36270571A658}"
EndProject
Global
	GlobalSection(SolutionConfigurationPlatforms) = preSolution
		Debug|Any CPU = Debug|Any CPU
		Debug|x64 = Debug|x64
		Release|Any CPU = Release|Any CPU
		Release|x64 = Release|x64
	EndGlobalSection
	GlobalSection(ProjectConfigurationPlatforms) = postSolution
		{49933CD8-7EBC-4097-A92C-36270571A658}.Debug|Any CPU.ActiveCfg = Debug|Any CPU
		{49933CD8-7EBC-4097-A92C-36270571A658}.Debug|Any CPU.Build.0 = Debug|Any CPU
		{49933CD8-7EBC-4097-A92C-36270571A658}.Debug|x64.ActiveCfg = Debug|x64
		{49933CD8-7EBC-4097-A92C-36270571A658}.Debug|x64.Build.0 = Debug|x64
		{49933CD8-7EBC-4097-A92C-36270571A658}.Release|Any CPU.ActiveCfg = Release|Any CPU
		{49933CD8-7EBC-4097-A92C-36270571A658}.Release|Any CPU.Build.0 = Release|Any CPU
		{49933CD8-7EBC-4097-A92C-36270571A658}.Release|x64.ActiveCfg = Release|x64
		{49933CD8-7EBC-4097-A92C-36270571A658}.Release|x64.Build.0 = Release|x64
	EndGlobalSection
	GlobalSection(SolutionProperties) = preSolution
		HideSolutionNode = FALSE
	EndGlobalSection
	GlobalSection(ExtensibilityGlobals) = postSolution
		SolutionGuid = {B3E430D6-586E-49AD-B174-78119F81E97D}
	EndGlobalSection
EndGlobal
